
Microsoft Visual Studio Solution File, Format Version 12.00
# Visual Studio Version 17
VisualStudioVersion = 17.11.35431.28
MinimumVisualStudioVersion = 10.0.40219.1
Project("{2150E333-8FDC-42A3-9474-1A3956D46DE8}") = "OrleansPrototype", "OrleansPrototype", "{C0487AE9-E4AD-4277-ABBF-584F8E36BD69}"
EndProject
Project("{2150E333-8FDC-42A3-9474-1A3956D46DE8}") = "AkkaNetPrototype", "AkkaNetPrototype", "{E0ACB6A8-B7A9-4D36-8071-CB6C209C0DBE}"
EndProject
Project("{2150E333-8FDC-42A3-9474-1A3956D46DE8}") = "ProtoActorPrototype", "ProtoActorPrototype", "{C1B2FC15-A999-445C-B351-B4D92DCED2FA}"
EndProject
Project("{9A19103F-16F7-4668-BE54-9A1E7A4F7556}") = "OrleansPrototype.SiloService", "OrleansPrototype\OrleansPrototype.SiloService\OrleansPrototype.SiloService.csproj", "{46AA30DE-8FBB-4714-A867-8D56D821C150}"
EndProject
Project("{9A19103F-16F7-4668-BE54-9A1E7A4F7556}") = "OrleansPrototype.ClientService", "OrleansPrototype\OrleansPrototype.ClientService\OrleansPrototype.ClientService.csproj", "{0B782FFE-2631-45C2-83B9-CCEB7E534B8E}"
EndProject
Project("{9A19103F-16F7-4668-BE54-9A1E7A4F7556}") = "OrleansPrototype.GrainInterfaces", "OrleansPrototype\OrleansPrototype.GrainInterfaces\OrleansPrototype.GrainInterfaces.csproj", "{CB19D776-382A-4547-92F7-83B9A7AAAE72}"
EndProject
Project("{9A19103F-16F7-4668-BE54-9A1E7A4F7556}") = "OrleansPrototype.GrainImplementations", "OrleansPrototype\OrleansPrototype.GrainImplementations\OrleansPrototype.GrainImplementations.csproj", "{FC912ABC-9442-4225-A2F7-78EBB1640D0D}"
EndProject
Project("{9A19103F-16F7-4668-BE54-9A1E7A4F7556}") = "OrleansPrototype.Models", "OrleansPrototype\OrleansPrototype.Models\OrleansPrototype.Models.csproj", "{85FCE934-68AF-419F-9EEB-20F5357E6E36}"
EndProject
Project("{9A19103F-16F7-4668-BE54-9A1E7A4F7556}") = "OrleansPrototype.StatePersistence", "OrleansPrototype\OrleansPrototype.StatePersistence\OrleansPrototype.StatePersistence.csproj", "{D6F475C9-B051-4FB4-A9B2-7CF7CEC14B05}"
EndProject
Project("{2150E333-8FDC-42A3-9474-1A3956D46DE8}") = "SharedLibraries", "SharedLibraries", "{A9EAD047-5D25-43A6-81F0-3FDF49668A3E}"
EndProject
Project("{FAE04EC0-301F-11D3-BF4B-00C04F79EFBC}") = "SharedLibraries.SensorDataParser", "SharedLibraries\SharedLibraries.SensorDataParser\SharedLibraries.SensorDataParser.csproj", "{8942BE99-2C7E-495D-BFA1-29B140FD614E}"
EndProject
Project("{9A19103F-16F7-4668-BE54-9A1E7A4F7556}") = "SharedLibraries.Plots", "SharedLibraries\SharedLibraries.Plots\SharedLibraries.Plots.csproj", "{CA55EB25-ED4A-49B6-9C1D-3BDB415FC78B}"
EndProject
Project("{FAE04EC0-301F-11D3-BF4B-00C04F79EFBC}") = "ProtoActorPrototype.ClientService", "ProtoActorPrototype\ProtoActorPrototype.ClientService\ProtoActorPrototype.ClientService.csproj", "{6B18A404-BDB5-4C00-A4A5-BD38142BAC35}"
EndProject
Project("{FAE04EC0-301F-11D3-BF4B-00C04F79EFBC}") = "ProtoActorPrototype.ServerService", "ProtoActorPrototype\ProtoActorPrototype.ServerService\ProtoActorPrototype.ServerService.csproj", "{9A429BD6-23FB-47A3-A100-3DD9DE2AED5E}"
EndProject
Project("{FAE04EC0-301F-11D3-BF4B-00C04F79EFBC}") = "ProtoActorPrototype.Grains", "ProtoActorPrototype\ProtoActorPrototype.Grains\ProtoActorPrototype.Grains.csproj", "{90773540-AF7C-4C38-AFB9-0CE5A8C782A2}"
EndProject
Project("{FAE04EC0-301F-11D3-BF4B-00C04F79EFBC}") = "ProtoActorPrototype.GrainImplementations", "ProtoActorPrototype\ProtoActorPrototype.GrainImplementations\ProtoActorPrototype.GrainImplementations.csproj", "{E42C14B7-346C-496B-8C05-56F303FB6139}"
EndProject
Project("{FAE04EC0-301F-11D3-BF4B-00C04F79EFBC}") = "ProtoActorPrototype.Persistence", "ProtoActorPrototype\ProtoActorPrototype.Persistence\ProtoActorPrototype.Persistence.csproj", "{C10E61E9-CB39-4FA7-9576-AF34F2A02E59}"
EndProject
Project("{FAE04EC0-301F-11D3-BF4B-00C04F79EFBC}") = "AkkaNetPrototype.ServerService", "AkkaNetPrototype\AkkaNetPrototype.ServerService\AkkaNetPrototype.ServerService.csproj", "{9CED10B4-E484-4CA9-A098-24684C78823B}"
EndProject
Project("{FAE04EC0-301F-11D3-BF4B-00C04F79EFBC}") = "AkkaNetPrototype.ClientService", "AkkaNetPrototype\AkkaNetPrototype.ClientService\AkkaNetPrototype.ClientService.csproj", "{A966C008-C0DD-4306-A112-43D271FBDB6C}"
EndProject
Project("{FAE04EC0-301F-11D3-BF4B-00C04F79EFBC}") = "AkkaNetPrototype.Messages", "AkkaNetPrototype\AkkaNetPrototype.Messages\AkkaNetPrototype.Messages.csproj", "{FD117710-760C-4F44-9E8C-2097853C0E55}"
EndProject
Project("{FAE04EC0-301F-11D3-BF4B-00C04F79EFBC}") = "AkkaNetPrototype.Actors", "AkkaNetPrototype\AkkaNetPrototype.Actors\AkkaNetPrototype.Actors.csproj", "{8399B314-CFC1-483A-A2C1-06BB4C616118}"
EndProject
Project("{2150E333-8FDC-42A3-9474-1A3956D46DE8}") = "Testing", "Testing", "{74C247AC-A5D0-4609-9DB1-B1085078375A}"
EndProject
Project("{FAE04EC0-301F-11D3-BF4B-00C04F79EFBC}") = "Testing.DemoLoad", "Testing\Testing.DemoLoad\Testing.DemoLoad.csproj", "{0728F5FC-C141-4B53-9991-ABB9DF04783B}"
EndProject
Global
	GlobalSection(SolutionConfigurationPlatforms) = preSolution
		Debug|Any CPU = Debug|Any CPU
		Release|Any CPU = Release|Any CPU
	EndGlobalSection
	GlobalSection(ProjectConfigurationPlatforms) = postSolution
		{46AA30DE-8FBB-4714-A867-8D56D821C150}.Debug|Any CPU.ActiveCfg = Debug|Any CPU
		{46AA30DE-8FBB-4714-A867-8D56D821C150}.Debug|Any CPU.Build.0 = Debug|Any CPU
		{46AA30DE-8FBB-4714-A867-8D56D821C150}.Release|Any CPU.ActiveCfg = Release|Any CPU
		{46AA30DE-8FBB-4714-A867-8D56D821C150}.Release|Any CPU.Build.0 = Release|Any CPU
		{0B782FFE-2631-45C2-83B9-CCEB7E534B8E}.Debug|Any CPU.ActiveCfg = Debug|Any CPU
		{0B782FFE-2631-45C2-83B9-CCEB7E534B8E}.Debug|Any CPU.Build.0 = Debug|Any CPU
		{0B782FFE-2631-45C2-83B9-CCEB7E534B8E}.Release|Any CPU.ActiveCfg = Release|Any CPU
		{0B782FFE-2631-45C2-83B9-CCEB7E534B8E}.Release|Any CPU.Build.0 = Release|Any CPU
		{CB19D776-382A-4547-92F7-83B9A7AAAE72}.Debug|Any CPU.ActiveCfg = Debug|Any CPU
		{CB19D776-382A-4547-92F7-83B9A7AAAE72}.Debug|Any CPU.Build.0 = Debug|Any CPU
		{CB19D776-382A-4547-92F7-83B9A7AAAE72}.Release|Any CPU.ActiveCfg = Release|Any CPU
		{CB19D776-382A-4547-92F7-83B9A7AAAE72}.Release|Any CPU.Build.0 = Release|Any CPU
		{FC912ABC-9442-4225-A2F7-78EBB1640D0D}.Debug|Any CPU.ActiveCfg = Debug|Any CPU
		{FC912ABC-9442-4225-A2F7-78EBB1640D0D}.Debug|Any CPU.Build.0 = Debug|Any CPU
		{FC912ABC-9442-4225-A2F7-78EBB1640D0D}.Release|Any CPU.ActiveCfg = Release|Any CPU
		{FC912ABC-9442-4225-A2F7-78EBB1640D0D}.Release|Any CPU.Build.0 = Release|Any CPU
		{85FCE934-68AF-419F-9EEB-20F5357E6E36}.Debug|Any CPU.ActiveCfg = Debug|Any CPU
		{85FCE934-68AF-419F-9EEB-20F5357E6E36}.Debug|Any CPU.Build.0 = Debug|Any CPU
		{85FCE934-68AF-419F-9EEB-20F5357E6E36}.Release|Any CPU.ActiveCfg = Release|Any CPU
		{85FCE934-68AF-419F-9EEB-20F5357E6E36}.Release|Any CPU.Build.0 = Release|Any CPU
		{D6F475C9-B051-4FB4-A9B2-7CF7CEC14B05}.Debug|Any CPU.ActiveCfg = Debug|Any CPU
		{D6F475C9-B051-4FB4-A9B2-7CF7CEC14B05}.Debug|Any CPU.Build.0 = Debug|Any CPU
		{D6F475C9-B051-4FB4-A9B2-7CF7CEC14B05}.Release|Any CPU.ActiveCfg = Release|Any CPU
		{D6F475C9-B051-4FB4-A9B2-7CF7CEC14B05}.Release|Any CPU.Build.0 = Release|Any CPU
		{8942BE99-2C7E-495D-BFA1-29B140FD614E}.Debug|Any CPU.ActiveCfg = Debug|Any CPU
		{8942BE99-2C7E-495D-BFA1-29B140FD614E}.Debug|Any CPU.Build.0 = Debug|Any CPU
		{8942BE99-2C7E-495D-BFA1-29B140FD614E}.Release|Any CPU.ActiveCfg = Release|Any CPU
		{8942BE99-2C7E-495D-BFA1-29B140FD614E}.Release|Any CPU.Build.0 = Release|Any CPU
		{CA55EB25-ED4A-49B6-9C1D-3BDB415FC78B}.Debug|Any CPU.ActiveCfg = Debug|Any CPU
		{CA55EB25-ED4A-49B6-9C1D-3BDB415FC78B}.Debug|Any CPU.Build.0 = Debug|Any CPU
		{CA55EB25-ED4A-49B6-9C1D-3BDB415FC78B}.Release|Any CPU.ActiveCfg = Release|Any CPU
		{CA55EB25-ED4A-49B6-9C1D-3BDB415FC78B}.Release|Any CPU.Build.0 = Release|Any CPU
		{6B18A404-BDB5-4C00-A4A5-BD38142BAC35}.Debug|Any CPU.ActiveCfg = Debug|Any CPU
		{6B18A404-BDB5-4C00-A4A5-BD38142BAC35}.Debug|Any CPU.Build.0 = Debug|Any CPU
		{6B18A404-BDB5-4C00-A4A5-BD38142BAC35}.Release|Any CPU.ActiveCfg = Release|Any CPU
		{6B18A404-BDB5-4C00-A4A5-BD38142BAC35}.Release|Any CPU.Build.0 = Release|Any CPU
		{9A429BD6-23FB-47A3-A100-3DD9DE2AED5E}.Debug|Any CPU.ActiveCfg = Debug|Any CPU
		{9A429BD6-23FB-47A3-A100-3DD9DE2AED5E}.Debug|Any CPU.Build.0 = Debug|Any CPU
		{9A429BD6-23FB-47A3-A100-3DD9DE2AED5E}.Release|Any CPU.ActiveCfg = Release|Any CPU
		{9A429BD6-23FB-47A3-A100-3DD9DE2AED5E}.Release|Any CPU.Build.0 = Release|Any CPU
		{90773540-AF7C-4C38-AFB9-0CE5A8C782A2}.Debug|Any CPU.ActiveCfg = Debug|Any CPU
		{90773540-AF7C-4C38-AFB9-0CE5A8C782A2}.Debug|Any CPU.Build.0 = Debug|Any CPU
		{90773540-AF7C-4C38-AFB9-0CE5A8C782A2}.Release|Any CPU.ActiveCfg = Release|Any CPU
		{90773540-AF7C-4C38-AFB9-0CE5A8C782A2}.Release|Any CPU.Build.0 = Release|Any CPU
		{E42C14B7-346C-496B-8C05-56F303FB6139}.Debug|Any CPU.ActiveCfg = Debug|Any CPU
		{E42C14B7-346C-496B-8C05-56F303FB6139}.Debug|Any CPU.Build.0 = Debug|Any CPU
		{E42C14B7-346C-496B-8C05-56F303FB6139}.Release|Any CPU.ActiveCfg = Release|Any CPU
		{E42C14B7-346C-496B-8C05-56F303FB6139}.Release|Any CPU.Build.0 = Release|Any CPU
		{C10E61E9-CB39-4FA7-9576-AF34F2A02E59}.Debug|Any CPU.ActiveCfg = Debug|Any CPU
		{C10E61E9-CB39-4FA7-9576-AF34F2A02E59}.Debug|Any CPU.Build.0 = Debug|Any CPU
		{C10E61E9-CB39-4FA7-9576-AF34F2A02E59}.Release|Any CPU.ActiveCfg = Release|Any CPU
		{C10E61E9-CB39-4FA7-9576-AF34F2A02E59}.Release|Any CPU.Build.0 = Release|Any CPU
		{9CED10B4-E484-4CA9-A098-24684C78823B}.Debug|Any CPU.ActiveCfg = Debug|Any CPU
		{9CED10B4-E484-4CA9-A098-24684C78823B}.Debug|Any CPU.Build.0 = Debug|Any CPU
		{9CED10B4-E484-4CA9-A098-24684C78823B}.Release|Any CPU.ActiveCfg = Release|Any CPU
		{9CED10B4-E484-4CA9-A098-24684C78823B}.Release|Any CPU.Build.0 = Release|Any CPU
		{A966C008-C0DD-4306-A112-43D271FBDB6C}.Debug|Any CPU.ActiveCfg = Debug|Any CPU
		{A966C008-C0DD-4306-A112-43D271FBDB6C}.Debug|Any CPU.Build.0 = Debug|Any CPU
		{A966C008-C0DD-4306-A112-43D271FBDB6C}.Release|Any CPU.ActiveCfg = Release|Any CPU
		{A966C008-C0DD-4306-A112-43D271FBDB6C}.Release|Any CPU.Build.0 = Release|Any CPU
		{FD117710-760C-4F44-9E8C-2097853C0E55}.Debug|Any CPU.ActiveCfg = Debug|Any CPU
		{FD117710-760C-4F44-9E8C-2097853C0E55}.Debug|Any CPU.Build.0 = Debug|Any CPU
		{FD117710-760C-4F44-9E8C-2097853C0E55}.Release|Any CPU.ActiveCfg = Release|Any CPU
		{FD117710-760C-4F44-9E8C-2097853C0E55}.Release|Any CPU.Build.0 = Release|Any CPU
		{8399B314-CFC1-483A-A2C1-06BB4C616118}.Debug|Any CPU.ActiveCfg = Debug|Any CPU
		{8399B314-CFC1-483A-A2C1-06BB4C616118}.Debug|Any CPU.Build.0 = Debug|Any CPU
		{8399B314-CFC1-483A-A2C1-06BB4C616118}.Release|Any CPU.ActiveCfg = Release|Any CPU
		{8399B314-CFC1-483A-A2C1-06BB4C616118}.Release|Any CPU.Build.0 = Release|Any CPU
		{0728F5FC-C141-4B53-9991-ABB9DF04783B}.Debug|Any CPU.ActiveCfg = Debug|Any CPU
		{0728F5FC-C141-4B53-9991-ABB9DF04783B}.Debug|Any CPU.Build.0 = Debug|Any CPU
		{0728F5FC-C141-4B53-9991-ABB9DF04783B}.Release|Any CPU.ActiveCfg = Release|Any CPU
		{0728F5FC-C141-4B53-9991-ABB9DF04783B}.Release|Any CPU.Build.0 = Release|Any CPU
	EndGlobalSection
	GlobalSection(SolutionProperties) = preSolution
		HideSolutionNode = FALSE
	EndGlobalSection
	GlobalSection(NestedProjects) = preSolution
		{46AA30DE-8FBB-4714-A867-8D56D821C150} = {C0487AE9-E4AD-4277-ABBF-584F8E36BD69}
		{0B782FFE-2631-45C2-83B9-CCEB7E534B8E} = {C0487AE9-E4AD-4277-ABBF-584F8E36BD69}
		{CB19D776-382A-4547-92F7-83B9A7AAAE72} = {C0487AE9-E4AD-4277-ABBF-584F8E36BD69}
		{FC912ABC-9442-4225-A2F7-78EBB1640D0D} = {C0487AE9-E4AD-4277-ABBF-584F8E36BD69}
		{85FCE934-68AF-419F-9EEB-20F5357E6E36} = {C0487AE9-E4AD-4277-ABBF-584F8E36BD69}
		{D6F475C9-B051-4FB4-A9B2-7CF7CEC14B05} = {C0487AE9-E4AD-4277-ABBF-584F8E36BD69}
		{8942BE99-2C7E-495D-BFA1-29B140FD614E} = {A9EAD047-5D25-43A6-81F0-3FDF49668A3E}
		{CA55EB25-ED4A-49B6-9C1D-3BDB415FC78B} = {A9EAD047-5D25-43A6-81F0-3FDF49668A3E}
		{6B18A404-BDB5-4C00-A4A5-BD38142BAC35} = {C1B2FC15-A999-445C-B351-B4D92DCED2FA}
		{9A429BD6-23FB-47A3-A100-3DD9DE2AED5E} = {C1B2FC15-A999-445C-B351-B4D92DCED2FA}
		{90773540-AF7C-4C38-AFB9-0CE5A8C782A2} = {C1B2FC15-A999-445C-B351-B4D92DCED2FA}
		{E42C14B7-346C-496B-8C05-56F303FB6139} = {C1B2FC15-A999-445C-B351-B4D92DCED2FA}
		{C10E61E9-CB39-4FA7-9576-AF34F2A02E59} = {C1B2FC15-A999-445C-B351-B4D92DCED2FA}
		{9CED10B4-E484-4CA9-A098-24684C78823B} = {E0ACB6A8-B7A9-4D36-8071-CB6C209C0DBE}
		{A966C008-C0DD-4306-A112-43D271FBDB6C} = {E0ACB6A8-B7A9-4D36-8071-CB6C209C0DBE}
		{FD117710-760C-4F44-9E8C-2097853C0E55} = {E0ACB6A8-B7A9-4D36-8071-CB6C209C0DBE}
		{8399B314-CFC1-483A-A2C1-06BB4C616118} = {E0ACB6A8-B7A9-4D36-8071-CB6C209C0DBE}
		{0728F5FC-C141-4B53-9991-ABB9DF04783B} = {74C247AC-A5D0-4609-9DB1-B1085078375A}
	EndGlobalSection
	GlobalSection(ExtensibilityGlobals) = postSolution
		SolutionGuid = {BFADDB17-DD12-4E2F-A6BB-D5AE63074AFD}
	EndGlobalSection
EndGlobal
